
Microsoft Visual Studio Solution File, Format Version 12.00
# Visual Studio Version 17
VisualStudioVersion = 17.2.32602.215
MinimumVisualStudioVersion = 10.0.40219.1
Project("{FAE04EC0-301F-11D3-BF4B-00C04F79EFBC}") = "SearchClient", "SearchClient\SearchClient.csproj", "{0F3F9ADB-5A80-4138-A8B7-BB4FBB155F71}"
EndProject
Project("{8BC9CEB8-8B4A-11D0-8D11-00A0C91BC942}") = "AlgorithmDLL", "..\..\Algorithms\AlgorithmDLL\AlgorithmDLL.vcxproj", "{5EC2B5A6-8AB3-4FD5-8E61-4FA3E09F3769}"
EndProject
Project("{8BC9CEB8-8B4A-11D0-8D11-00A0C91BC942}") = "AlgorithmLibrary", "..\..\Algorithms\AlgorithmLibrary\AlgorithmLibrary.vcxproj", "{921BDC05-F093-4FC4-B828-41E23081589F}"
EndProject
Global
	GlobalSection(SolutionConfigurationPlatforms) = preSolution
		Debug|Any CPU = Debug|Any CPU
		Debug|x64 = Debug|x64
		Debug|x86 = Debug|x86
		Release|Any CPU = Release|Any CPU
		Release|x64 = Release|x64
		Release|x86 = Release|x86
	EndGlobalSection
	GlobalSection(ProjectConfigurationPlatforms) = postSolution
		{0F3F9ADB-5A80-4138-A8B7-BB4FBB155F71}.Debug|Any CPU.ActiveCfg = Debug|Any CPU
		{0F3F9ADB-5A80-4138-A8B7-BB4FBB155F71}.Debug|Any CPU.Build.0 = Debug|Any CPU
		{0F3F9ADB-5A80-4138-A8B7-BB4FBB155F71}.Debug|x64.ActiveCfg = Debug|Any CPU
		{0F3F9ADB-5A80-4138-A8B7-BB4FBB155F71}.Debug|x64.Build.0 = Debug|Any CPU
		{0F3F9ADB-5A80-4138-A8B7-BB4FBB155F71}.Debug|x86.ActiveCfg = Debug|Any CPU
		{0F3F9ADB-5A80-4138-A8B7-BB4FBB155F71}.Debug|x86.Build.0 = Debug|Any CPU
		{0F3F9ADB-5A80-4138-A8B7-BB4FBB155F71}.Release|Any CPU.ActiveCfg = Release|Any CPU
		{0F3F9ADB-5A80-4138-A8B7-BB4FBB155F71}.Release|Any CPU.Build.0 = Release|Any CPU
		{0F3F9ADB-5A80-4138-A8B7-BB4FBB155F71}.Release|x64.ActiveCfg = Release|Any CPU
		{0F3F9ADB-5A80-4138-A8B7-BB4FBB155F71}.Release|x64.Build.0 = Release|Any CPU
		{0F3F9ADB-5A80-4138-A8B7-BB4FBB155F71}.Release|x86.ActiveCfg = Release|Any CPU
		{0F3F9ADB-5A80-4138-A8B7-BB4FBB155F71}.Release|x86.Build.0 = Release|Any CPU
		{5EC2B5A6-8AB3-4FD5-8E61-4FA3E09F3769}.Debug|Any CPU.ActiveCfg = Debug|x64
		{5EC2B5A6-8AB3-4FD5-8E61-4FA3E09F3769}.Debug|Any CPU.Build.0 = Debug|x64
		{5EC2B5A6-8AB3-4FD5-8E61-4FA3E09F3769}.Debug|x64.ActiveCfg = Debug|x64
		{5EC2B5A6-8AB3-4FD5-8E61-4FA3E09F3769}.Debug|x64.Build.0 = Debug|x64
		{5EC2B5A6-8AB3-4FD5-8E61-4FA3E09F3769}.Debug|x86.ActiveCfg = Debug|Win32
		{5EC2B5A6-8AB3-4FD5-8E61-4FA3E09F3769}.Debug|x86.Build.0 = Debug|Win32
		{5EC2B5A6-8AB3-4FD5-8E61-4FA3E09F3769}.Release|Any CPU.ActiveCfg = Release|x64
		{5EC2B5A6-8AB3-4FD5-8E61-4FA3E09F3769}.Release|Any CPU.Build.0 = Release|x64
		{5EC2B5A6-8AB3-4FD5-8E61-4FA3E09F3769}.Release|x64.ActiveCfg = Release|x64
		{5EC2B5A6-8AB3-4FD5-8E61-4FA3E09F3769}.Release|x64.Build.0 = Release|x64
		{5EC2B5A6-8AB3-4FD5-8E61-4FA3E09F3769}.Release|x86.ActiveCfg = Release|Win32
		{5EC2B5A6-8AB3-4FD5-8E61-4FA3E09F3769}.Release|x86.Build.0 = Release|Win32
		{921BDC05-F093-4FC4-B828-41E23081589F}.Debug|Any CPU.ActiveCfg = Debug|x64
		{921BDC05-F093-4FC4-B828-41E23081589F}.Debug|Any CPU.Build.0 = Debug|x64
		{921BDC05-F093-4FC4-B828-41E23081589F}.Debug|x64.ActiveCfg = Debug|x64
		{921BDC05-F093-4FC4-B828-41E23081589F}.Debug|x64.Build.0 = Debug|x64
		{921BDC05-F093-4FC4-B828-41E23081589F}.Debug|x86.ActiveCfg = Debug|Win32
		{921BDC05-F093-4FC4-B828-41E23081589F}.Debug|x86.Build.0 = Debug|Win32
		{921BDC05-F093-4FC4-B828-41E23081589F}.Release|Any CPU.ActiveCfg = Release|x64
		{921BDC05-F093-4FC4-B828-41E23081589F}.Release|Any CPU.Build.0 = Release|x64
		{921BDC05-F093-4FC4-B828-41E23081589F}.Release|x64.ActiveCfg = Release|x64
		{921BDC05-F093-4FC4-B828-41E23081589F}.Release|x64.Build.0 = Release|x64
		{921BDC05-F093-4FC4-B828-41E23081589F}.Release|x86.ActiveCfg = Release|Win32
		{921BDC05-F093-4FC4-B828-41E23081589F}.Release|x86.Build.0 = Release|Win32
	EndGlobalSection
	GlobalSection(SolutionProperties) = preSolution
		HideSolutionNode = FALSE
	EndGlobalSection
	GlobalSection(ExtensibilityGlobals) = postSolution
		SolutionGuid = {3DD33540-C837-4B64-8BEE-B045467333F0}
	EndGlobalSection
EndGlobal
