
Microsoft Visual Studio Solution File, Format Version 12.00
# Visual Studio Version 17
VisualStudioVersion = 17.2.32602.215
MinimumVisualStudioVersion = 10.0.40219.1
Project("{2150E333-8FDC-42A3-9474-1A3956D46DE8}") = "Solution Items", "Solution Items", "{E82824BB-A4E5-465A-9A74-2DFB87621EEA}"
EndProject
Project("{8BC9CEB8-8B4A-11D0-8D11-00A0C91BC942}") = "AlgorithmLibrary", "AlgorithmLibrary\AlgorithmLibrary.vcxproj", "{921BDC05-F093-4FC4-B828-41E23081589F}"
EndProject
Project("{8BC9CEB8-8B4A-11D0-8D11-00A0C91BC942}") = "AlgorithmDLL", "AlgorithmDLL\AlgorithmDLL.vcxproj", "{5EC2B5A6-8AB3-4FD5-8E61-4FA3E09F3769}"
EndProject
Project("{8BC9CEB8-8B4A-11D0-8D11-00A0C91BC942}") = "AlgorithmTest", "AlgorithmTest\AlgorithmTest.vcxproj", "{FE5917D2-14B6-448C-B558-793EA6BBDD8A}"
	ProjectSection(ProjectDependencies) = postProject
		{921BDC05-F093-4FC4-B828-41E23081589F} = {921BDC05-F093-4FC4-B828-41E23081589F}
	EndProjectSection
EndProject
Global
	GlobalSection(SolutionConfigurationPlatforms) = preSolution
		Debug|x64 = Debug|x64
		Debug|x86 = Debug|x86
		Release|x64 = Release|x64
		Release|x86 = Release|x86
	EndGlobalSection
	GlobalSection(ProjectConfigurationPlatforms) = postSolution
		{921BDC05-F093-4FC4-B828-41E23081589F}.Debug|x64.ActiveCfg = Debug|x64
		{921BDC05-F093-4FC4-B828-41E23081589F}.Debug|x64.Build.0 = Debug|x64
		{921BDC05-F093-4FC4-B828-41E23081589F}.Debug|x86.ActiveCfg = Debug|Win32
		{921BDC05-F093-4FC4-B828-41E23081589F}.Debug|x86.Build.0 = Debug|Win32
		{921BDC05-F093-4FC4-B828-41E23081589F}.Release|x64.ActiveCfg = Release|x64
		{921BDC05-F093-4FC4-B828-41E23081589F}.Release|x64.Build.0 = Release|x64
		{921BDC05-F093-4FC4-B828-41E23081589F}.Release|x86.ActiveCfg = Release|Win32
		{921BDC05-F093-4FC4-B828-41E23081589F}.Release|x86.Build.0 = Release|Win32
		{5EC2B5A6-8AB3-4FD5-8E61-4FA3E09F3769}.Debug|x64.ActiveCfg = Debug|x64
		{5EC2B5A6-8AB3-4FD5-8E61-4FA3E09F3769}.Debug|x64.Build.0 = Debug|x64
		{5EC2B5A6-8AB3-4FD5-8E61-4FA3E09F3769}.Debug|x86.ActiveCfg = Debug|Win32
		{5EC2B5A6-8AB3-4FD5-8E61-4FA3E09F3769}.Debug|x86.Build.0 = Debug|Win32
		{5EC2B5A6-8AB3-4FD5-8E61-4FA3E09F3769}.Release|x64.ActiveCfg = Release|x64
		{5EC2B5A6-8AB3-4FD5-8E61-4FA3E09F3769}.Release|x64.Build.0 = Release|x64
		{5EC2B5A6-8AB3-4FD5-8E61-4FA3E09F3769}.Release|x86.ActiveCfg = Release|Win32
		{5EC2B5A6-8AB3-4FD5-8E61-4FA3E09F3769}.Release|x86.Build.0 = Release|Win32
		{FE5917D2-14B6-448C-B558-793EA6BBDD8A}.Debug|x64.ActiveCfg = Debug|x64
		{FE5917D2-14B6-448C-B558-793EA6BBDD8A}.Debug|x64.Build.0 = Debug|x64
		{FE5917D2-14B6-448C-B558-793EA6BBDD8A}.Debug|x86.ActiveCfg = Debug|Win32
		{FE5917D2-14B6-448C-B558-793EA6BBDD8A}.Debug|x86.Build.0 = Debug|Win32
		{FE5917D2-14B6-448C-B558-793EA6BBDD8A}.Release|x64.ActiveCfg = Release|x64
		{FE5917D2-14B6-448C-B558-793EA6BBDD8A}.Release|x64.Build.0 = Release|x64
		{FE5917D2-14B6-448C-B558-793EA6BBDD8A}.Release|x86.ActiveCfg = Release|Win32
		{FE5917D2-14B6-448C-B558-793EA6BBDD8A}.Release|x86.Build.0 = Release|Win32
	EndGlobalSection
	GlobalSection(SolutionProperties) = preSolution
		HideSolutionNode = FALSE
	EndGlobalSection
	GlobalSection(ExtensibilityGlobals) = postSolution
		SolutionGuid = {1C70FD1C-74EB-49CF-AEBE-A5F5BAC99516}
	EndGlobalSection
EndGlobal
