<?xml version="1.0" encoding="utf-8"?>
<Project ToolsVersion="4.0" xmlns="http://schemas.microsoft.com/developer/msbuild/2003">
  <ItemGroup>
    <Filter Include="Source Files">
      <UniqueIdentifier>{4FC737F1-C7A5-4376-A066-2A32D752A2FF}</UniqueIdentifier>
      <Extensions>cpp;c;cc;cxx;c++;cppm;ixx;def;odl;idl;hpj;bat;asm;asmx</Extensions>
    </Filter>
    <Filter Include="Header Files">
      <UniqueIdentifier>{93995380-89BD-4b04-88EB-625FBE52EBFB}</UniqueIdentifier>
      <Extensions>h;hh;hpp;hxx;h++;hm;inl;inc;ipp;xsd</Extensions>
    </Filter>
    <Filter Include="Resource Files">
      <UniqueIdentifier>{67DA6AB6-F800-4c08-8B7A-83BB121AAD01}</UniqueIdentifier>
      <Extensions>rc;ico;cur;bmp;dlg;rc2;rct;bin;rgs;gif;jpg;jpeg;jpe;resx;tiff;tif;png;wav;mfcribbon-ms</Extensions>
    </Filter>
    <Filter Include="library">
      <UniqueIdentifier>{0ccbd49b-1b51-4102-abf6-db36f524974a}</UniqueIdentifier>
    </Filter>
    <Filter Include="library\TernarySearchTrie">
      <UniqueIdentifier>{6b9baccd-8db2-4edd-8899-56a5da44092e}</UniqueIdentifier>
    </Filter>
    <Filter Include="library\Common">
      <UniqueIdentifier>{5cd218f1-ffab-4aa9-b17c-22522c80a17c}</UniqueIdentifier>
    </Filter>
  </ItemGroup>
  <ItemGroup>
    <ClInclude Include="framework.h">
      <Filter>Source Files</Filter>
    </ClInclude>
    <ClInclude Include="pch.h">
      <Filter>Source Files</Filter>
    </ClInclude>
    <ClInclude Include="source\Containers\TernarySearchTrie.h">
      <Filter>library\TernarySearchTrie</Filter>
    </ClInclude>
    <ClInclude Include="source\Containers\TernarySearchTrieTypes.h">
      <Filter>library\TernarySearchTrie</Filter>
    </ClInclude>
    <ClInclude Include="source\Common\BaseNode.h">
      <Filter>library\Common</Filter>
    </ClInclude>
    <ClInclude Include="source\Common\NodeValue.h">
      <Filter>library\Common</Filter>
    </ClInclude>
    <ClInclude Include="source\Common\Node2.h">
      <Filter>library\Common</Filter>
    </ClInclude>
    <ClInclude Include="source\Common\Node3.h">
      <Filter>library\Common</Filter>
    </ClInclude>
  </ItemGroup>
  <ItemGroup>
    <ClCompile Include="AlgorithmLibrary.cpp">
      <Filter>Source Files</Filter>
    </ClCompile>
    <ClCompile Include="pch.cpp">
      <Filter>Source Files</Filter>
    </ClCompile>
    <ClCompile Include="source\Containers\TernarySearchTrie.cpp">
      <Filter>library\TernarySearchTrie</Filter>
    </ClCompile>
    <ClCompile Include="source\Containers\TernarySearchTrieTypes.cpp">
      <Filter>library\TernarySearchTrie</Filter>
    </ClCompile>
    <ClCompile Include="source\Common\BaseNode.cpp">
      <Filter>library\Common</Filter>
    </ClCompile>
    <ClCompile Include="source\Common\NodeValue.cpp">
      <Filter>library\Common</Filter>
    </ClCompile>
    <ClCompile Include="source\Common\Node2.cpp">
      <Filter>library\Common</Filter>
    </ClCompile>
    <ClCompile Include="source\Common\Node3.cpp">
      <Filter>library\Common</Filter>
    </ClCompile>
  </ItemGroup>
</Project>